
Microsoft Visual Studio Solution File, Format Version 12.00
# Visual Studio 15
Project("{FAE04EC0-301F-11D3-BF4B-00C04F79EFBC}") = "VuforiaScripts", "VuforiaScripts.csproj", "{8DE624C7-2E21-A314-5159-B32786095959}"
EndProject
Project("{FAE04EC0-301F-11D3-BF4B-00C04F79EFBC}") = "Assembly-CSharp-firstpass", "Assembly-CSharp-firstpass.csproj", "{33690110-4184-B66D-5FFF-8E81A246315F}"
EndProject
Project("{FAE04EC0-301F-11D3-BF4B-00C04F79EFBC}") = "Assembly-CSharp", "Assembly-CSharp.csproj", "{CA727306-9A8B-8697-6BEA-3B76A7A5A3C7}"
EndProject
Project("{FAE04EC0-301F-11D3-BF4B-00C04F79EFBC}") = "Assembly-CSharp-Editor", "Assembly-CSharp-Editor.csproj", "{D3EB4FFF-70FF-9244-3FEE-51FFACBECF2E}"
EndProject
Project("{FAE04EC0-301F-11D3-BF4B-00C04F79EFBC}") = "VuforiaEditorScripts", "VuforiaEditorScripts.csproj", "{E8FBF14F-CE09-7DF7-59B5-97B190E4DA47}"
EndProject
Project("{FAE04EC0-301F-11D3-BF4B-00C04F79EFBC}") = "VuforiaVersionCheckerScripts", "VuforiaVersionCheckerScripts.csproj", "{9E996BFF-3BA6-F3F1-10A1-A0A86DA419F9}"
EndProject
Project("{FAE04EC0-301F-11D3-BF4B-00C04F79EFBC}") = "Assembly-CSharp-Editor-firstpass", "Assembly-CSharp-Editor-firstpass.csproj", "{8A406690-6005-C852-EB0C-3B04F6682B6A}"
EndProject
Global
	GlobalSection(SolutionConfigurationPlatforms) = preSolution
		Debug|Any CPU = Debug|Any CPU
		Release|Any CPU = Release|Any CPU
	EndGlobalSection
	GlobalSection(ProjectConfigurationPlatforms) = postSolution
		{8DE624C7-2E21-A314-5159-B32786095959}.Debug|Any CPU.ActiveCfg = Debug|Any CPU
		{8DE624C7-2E21-A314-5159-B32786095959}.Debug|Any CPU.Build.0 = Debug|Any CPU
		{8DE624C7-2E21-A314-5159-B32786095959}.Release|Any CPU.ActiveCfg = Release|Any CPU
		{8DE624C7-2E21-A314-5159-B32786095959}.Release|Any CPU.Build.0 = Release|Any CPU
		{33690110-4184-B66D-5FFF-8E81A246315F}.Debug|Any CPU.ActiveCfg = Debug|Any CPU
		{33690110-4184-B66D-5FFF-8E81A246315F}.Debug|Any CPU.Build.0 = Debug|Any CPU
		{33690110-4184-B66D-5FFF-8E81A246315F}.Release|Any CPU.ActiveCfg = Release|Any CPU
		{33690110-4184-B66D-5FFF-8E81A246315F}.Release|Any CPU.Build.0 = Release|Any CPU
		{CA727306-9A8B-8697-6BEA-3B76A7A5A3C7}.Debug|Any CPU.ActiveCfg = Debug|Any CPU
		{CA727306-9A8B-8697-6BEA-3B76A7A5A3C7}.Debug|Any CPU.Build.0 = Debug|Any CPU
		{CA727306-9A8B-8697-6BEA-3B76A7A5A3C7}.Release|Any CPU.ActiveCfg = Release|Any CPU
		{CA727306-9A8B-8697-6BEA-3B76A7A5A3C7}.Release|Any CPU.Build.0 = Release|Any CPU
		{D3EB4FFF-70FF-9244-3FEE-51FFACBECF2E}.Debug|Any CPU.ActiveCfg = Debug|Any CPU
		{D3EB4FFF-70FF-9244-3FEE-51FFACBECF2E}.Debug|Any CPU.Build.0 = Debug|Any CPU
		{D3EB4FFF-70FF-9244-3FEE-51FFACBECF2E}.Release|Any CPU.ActiveCfg = Release|Any CPU
		{D3EB4FFF-70FF-9244-3FEE-51FFACBECF2E}.Release|Any CPU.Build.0 = Release|Any CPU
		{E8FBF14F-CE09-7DF7-59B5-97B190E4DA47}.Debug|Any CPU.ActiveCfg = Debug|Any CPU
		{E8FBF14F-CE09-7DF7-59B5-97B190E4DA47}.Debug|Any CPU.Build.0 = Debug|Any CPU
		{E8FBF14F-CE09-7DF7-59B5-97B190E4DA47}.Release|Any CPU.ActiveCfg = Release|Any CPU
		{E8FBF14F-CE09-7DF7-59B5-97B190E4DA47}.Release|Any CPU.Build.0 = Release|Any CPU
		{9E996BFF-3BA6-F3F1-10A1-A0A86DA419F9}.Debug|Any CPU.ActiveCfg = Debug|Any CPU
		{9E996BFF-3BA6-F3F1-10A1-A0A86DA419F9}.Debug|Any CPU.Build.0 = Debug|Any CPU
		{9E996BFF-3BA6-F3F1-10A1-A0A86DA419F9}.Release|Any CPU.ActiveCfg = Release|Any CPU
		{9E996BFF-3BA6-F3F1-10A1-A0A86DA419F9}.Release|Any CPU.Build.0 = Release|Any CPU
		{8A406690-6005-C852-EB0C-3B04F6682B6A}.Debug|Any CPU.ActiveCfg = Debug|Any CPU
		{8A406690-6005-C852-EB0C-3B04F6682B6A}.Debug|Any CPU.Build.0 = Debug|Any CPU
		{8A406690-6005-C852-EB0C-3B04F6682B6A}.Release|Any CPU.ActiveCfg = Release|Any CPU
		{8A406690-6005-C852-EB0C-3B04F6682B6A}.Release|Any CPU.Build.0 = Release|Any CPU
	EndGlobalSection
	GlobalSection(SolutionProperties) = preSolution
		HideSolutionNode = FALSE
	EndGlobalSection
EndGlobal
